// !$*UTF8*$!
{
	archiveVersion = 1;
	classes = {
	};
	objectVersion = 50;
	objects = {

/* Begin PBXBuildFile section */
		24C6A20725A74BA20076A320 /* AppDelegate.swift in Sources */ = {isa = PBXBuildFile; fileRef = 24C6A20625A74BA20076A320 /* AppDelegate.swift */; };
		24C6A20925A74BA20076A320 /* SceneDelegate.swift in Sources */ = {isa = PBXBuildFile; fileRef = 24C6A20825A74BA20076A320 /* SceneDelegate.swift */; };
		24C6A20B25A74BA20076A320 /* ViewController.swift in Sources */ = {isa = PBXBuildFile; fileRef = 24C6A20A25A74BA20076A320 /* ViewController.swift */; };
		24C6A20E25A74BA20076A320 /* Main.storyboard in Resources */ = {isa = PBXBuildFile; fileRef = 24C6A20C25A74BA20076A320 /* Main.storyboard */; };
		24C6A21025A74BA60076A320 /* Assets.xcassets in Resources */ = {isa = PBXBuildFile; fileRef = 24C6A20F25A74BA60076A320 /* Assets.xcassets */; };
		24C6A21325A74BA60076A320 /* LaunchScreen.storyboard in Resources */ = {isa = PBXBuildFile; fileRef = 24C6A21125A74BA60076A320 /* LaunchScreen.storyboard */; };
		24C6A21E25A74BA60076A320 /* ChatbotTests.swift in Sources */ = {isa = PBXBuildFile; fileRef = 24C6A21D25A74BA60076A320 /* ChatbotTests.swift */; };
		24C6A22925A74BA70076A320 /* ChatbotUITests.swift in Sources */ = {isa = PBXBuildFile; fileRef = 24C6A22825A74BA70076A320 /* ChatbotUITests.swift */; };
		24C6A23A25A74E230076A320 /* YellowViewController.swift in Sources */ = {isa = PBXBuildFile; fileRef = 24C6A23925A74E230076A320 /* YellowViewController.swift */; };
		24C6A23F25A74E3F0076A320 /* OrangeViewController.swift in Sources */ = {isa = PBXBuildFile; fileRef = 24C6A23E25A74E3F0076A320 /* OrangeViewController.swift */; };
		24C6A24425A7B33D0076A320 /* PickViewController.swift in Sources */ = {isa = PBXBuildFile; fileRef = 24C6A24325A7B33D0076A320 /* PickViewController.swift */; };
/* End PBXBuildFile section */

/* Begin PBXContainerItemProxy section */
		24C6A21A25A74BA60076A320 /* PBXContainerItemProxy */ = {
			isa = PBXContainerItemProxy;
			containerPortal = 24C6A1FB25A74BA20076A320 /* Project object */;
			proxyType = 1;
			remoteGlobalIDString = 24C6A20225A74BA20076A320;
			remoteInfo = Chatbot;
		};
		24C6A22525A74BA70076A320 /* PBXContainerItemProxy */ = {
			isa = PBXContainerItemProxy;
			containerPortal = 24C6A1FB25A74BA20076A320 /* Project object */;
			proxyType = 1;
			remoteGlobalIDString = 24C6A20225A74BA20076A320;
			remoteInfo = Chatbot;
		};
/* End PBXContainerItemProxy section */

/* Begin PBXFileReference section */
		24C6A20325A74BA20076A320 /* Chatbot.app */ = {isa = PBXFileReference; explicitFileType = wrapper.application; includeInIndex = 0; path = Chatbot.app; sourceTree = BUILT_PRODUCTS_DIR; };
		24C6A20625A74BA20076A320 /* AppDelegate.swift */ = {isa = PBXFileReference; lastKnownFileType = sourcecode.swift; path = AppDelegate.swift; sourceTree = "<group>"; };
		24C6A20825A74BA20076A320 /* SceneDelegate.swift */ = {isa = PBXFileReference; lastKnownFileType = sourcecode.swift; path = SceneDelegate.swift; sourceTree = "<group>"; };
		24C6A20A25A74BA20076A320 /* ViewController.swift */ = {isa = PBXFileReference; lastKnownFileType = sourcecode.swift; path = ViewController.swift; sourceTree = "<group>"; };
		24C6A20D25A74BA20076A320 /* Base */ = {isa = PBXFileReference; lastKnownFileType = file.storyboard; name = Base; path = Base.lproj/Main.storyboard; sourceTree = "<group>"; };
		24C6A20F25A74BA60076A320 /* Assets.xcassets */ = {isa = PBXFileReference; lastKnownFileType = folder.assetcatalog; path = Assets.xcassets; sourceTree = "<group>"; };
		24C6A21225A74BA60076A320 /* Base */ = {isa = PBXFileReference; lastKnownFileType = file.storyboard; name = Base; path = Base.lproj/LaunchScreen.storyboard; sourceTree = "<group>"; };
		24C6A21425A74BA60076A320 /* Info.plist */ = {isa = PBXFileReference; lastKnownFileType = text.plist.xml; path = Info.plist; sourceTree = "<group>"; };
		24C6A21925A74BA60076A320 /* ChatbotTests.xctest */ = {isa = PBXFileReference; explicitFileType = wrapper.cfbundle; includeInIndex = 0; path = ChatbotTests.xctest; sourceTree = BUILT_PRODUCTS_DIR; };
		24C6A21D25A74BA60076A320 /* ChatbotTests.swift */ = {isa = PBXFileReference; lastKnownFileType = sourcecode.swift; path = ChatbotTests.swift; sourceTree = "<group>"; };
		24C6A21F25A74BA60076A320 /* Info.plist */ = {isa = PBXFileReference; lastKnownFileType = text.plist.xml; path = Info.plist; sourceTree = "<group>"; };
		24C6A22425A74BA70076A320 /* ChatbotUITests.xctest */ = {isa = PBXFileReference; explicitFileType = wrapper.cfbundle; includeInIndex = 0; path = ChatbotUITests.xctest; sourceTree = BUILT_PRODUCTS_DIR; };
		24C6A22825A74BA70076A320 /* ChatbotUITests.swift */ = {isa = PBXFileReference; lastKnownFileType = sourcecode.swift; path = ChatbotUITests.swift; sourceTree = "<group>"; };
		24C6A22A25A74BA70076A320 /* Info.plist */ = {isa = PBXFileReference; lastKnownFileType = text.plist.xml; path = Info.plist; sourceTree = "<group>"; };
		24C6A23925A74E230076A320 /* YellowViewController.swift */ = {isa = PBXFileReference; lastKnownFileType = sourcecode.swift; path = YellowViewController.swift; sourceTree = "<group>"; };
		24C6A23E25A74E3F0076A320 /* OrangeViewController.swift */ = {isa = PBXFileReference; lastKnownFileType = sourcecode.swift; path = OrangeViewController.swift; sourceTree = "<group>"; };
		24C6A24325A7B33D0076A320 /* PickViewController.swift */ = {isa = PBXFileReference; lastKnownFileType = sourcecode.swift; path = PickViewController.swift; sourceTree = "<group>"; };
/* End PBXFileReference section */

/* Begin PBXFrameworksBuildPhase section */
		24C6A20025A74BA20076A320 /* Frameworks */ = {
			isa = PBXFrameworksBuildPhase;
			buildActionMask = 2147483647;
			files = (
			);
			runOnlyForDeploymentPostprocessing = 0;
		};
		24C6A21625A74BA60076A320 /* Frameworks */ = {
			isa = PBXFrameworksBuildPhase;
			buildActionMask = 2147483647;
			files = (
			);
			runOnlyForDeploymentPostprocessing = 0;
		};
		24C6A22125A74BA70076A320 /* Frameworks */ = {
			isa = PBXFrameworksBuildPhase;
			buildActionMask = 2147483647;
			files = (
			);
			runOnlyForDeploymentPostprocessing = 0;
		};
/* End PBXFrameworksBuildPhase section */

/* Begin PBXGroup section */
		24C6A1FA25A74BA20076A320 = {
			isa = PBXGroup;
			children = (
				24C6A20525A74BA20076A320 /* Chatbot */,
				24C6A21C25A74BA60076A320 /* ChatbotTests */,
				24C6A22725A74BA70076A320 /* ChatbotUITests */,
				24C6A20425A74BA20076A320 /* Products */,
			);
			sourceTree = "<group>";
		};
		24C6A20425A74BA20076A320 /* Products */ = {
			isa = PBXGroup;
			children = (
				24C6A20325A74BA20076A320 /* Chatbot.app */,
				24C6A21925A74BA60076A320 /* ChatbotTests.xctest */,
				24C6A22425A74BA70076A320 /* ChatbotUITests.xctest */,
			);
			name = Products;
			sourceTree = "<group>";
		};
		24C6A20525A74BA20076A320 /* Chatbot */ = {
			isa = PBXGroup;
			children = (
				24C6A20625A74BA20076A320 /* AppDelegate.swift */,
				24C6A20825A74BA20076A320 /* SceneDelegate.swift */,
				24C6A20A25A74BA20076A320 /* ViewController.swift */,
				24C6A20C25A74BA20076A320 /* Main.storyboard */,
				24C6A24325A7B33D0076A320 /* PickViewController.swift */,
				24C6A23925A74E230076A320 /* YellowViewController.swift */,
				24C6A23E25A74E3F0076A320 /* OrangeViewController.swift */,
				24C6A20F25A74BA60076A320 /* Assets.xcassets */,
				24C6A21125A74BA60076A320 /* LaunchScreen.storyboard */,
				24C6A21425A74BA60076A320 /* Info.plist */,
			);
			path = Chatbot;
			sourceTree = "<group>";
		};
		24C6A21C25A74BA60076A320 /* ChatbotTests */ = {
			isa = PBXGroup;
			children = (
				24C6A21D25A74BA60076A320 /* ChatbotTests.swift */,
				24C6A21F25A74BA60076A320 /* Info.plist */,
			);
			path = ChatbotTests;
			sourceTree = "<group>";
		};
		24C6A22725A74BA70076A320 /* ChatbotUITests */ = {
			isa = PBXGroup;
			children = (
				24C6A22825A74BA70076A320 /* ChatbotUITests.swift */,
				24C6A22A25A74BA70076A320 /* Info.plist */,
			);
			path = ChatbotUITests;
			sourceTree = "<group>";
		};
/* End PBXGroup section */

/* Begin PBXNativeTarget section */
		24C6A20225A74BA20076A320 /* Chatbot */ = {
			isa = PBXNativeTarget;
			buildConfigurationList = 24C6A22D25A74BA70076A320 /* Build configuration list for PBXNativeTarget "Chatbot" */;
			buildPhases = (
				24C6A1FF25A74BA20076A320 /* Sources */,
				24C6A20025A74BA20076A320 /* Frameworks */,
				24C6A20125A74BA20076A320 /* Resources */,
			);
			buildRules = (
			);
			dependencies = (
			);
			name = Chatbot;
			productName = Chatbot;
			productReference = 24C6A20325A74BA20076A320 /* Chatbot.app */;
			productType = "com.apple.product-type.application";
		};
		24C6A21825A74BA60076A320 /* ChatbotTests */ = {
			isa = PBXNativeTarget;
			buildConfigurationList = 24C6A23025A74BA70076A320 /* Build configuration list for PBXNativeTarget "ChatbotTests" */;
			buildPhases = (
				24C6A21525A74BA60076A320 /* Sources */,
				24C6A21625A74BA60076A320 /* Frameworks */,
				24C6A21725A74BA60076A320 /* Resources */,
			);
			buildRules = (
			);
			dependencies = (
				24C6A21B25A74BA60076A320 /* PBXTargetDependency */,
			);
			name = ChatbotTests;
			productName = ChatbotTests;
			productReference = 24C6A21925A74BA60076A320 /* ChatbotTests.xctest */;
			productType = "com.apple.product-type.bundle.unit-test";
		};
		24C6A22325A74BA70076A320 /* ChatbotUITests */ = {
			isa = PBXNativeTarget;
			buildConfigurationList = 24C6A23325A74BA70076A320 /* Build configuration list for PBXNativeTarget "ChatbotUITests" */;
			buildPhases = (
				24C6A22025A74BA70076A320 /* Sources */,
				24C6A22125A74BA70076A320 /* Frameworks */,
				24C6A22225A74BA70076A320 /* Resources */,
			);
			buildRules = (
			);
			dependencies = (
				24C6A22625A74BA70076A320 /* PBXTargetDependency */,
			);
			name = ChatbotUITests;
			productName = ChatbotUITests;
			productReference = 24C6A22425A74BA70076A320 /* ChatbotUITests.xctest */;
			productType = "com.apple.product-type.bundle.ui-testing";
		};
/* End PBXNativeTarget section */

/* Begin PBXProject section */
		24C6A1FB25A74BA20076A320 /* Project object */ = {
			isa = PBXProject;
			attributes = {
				LastSwiftUpdateCheck = 1230;
				LastUpgradeCheck = 1230;
				TargetAttributes = {
					24C6A20225A74BA20076A320 = {
						CreatedOnToolsVersion = 12.3;
					};
					24C6A21825A74BA60076A320 = {
						CreatedOnToolsVersion = 12.3;
						TestTargetID = 24C6A20225A74BA20076A320;
					};
					24C6A22325A74BA70076A320 = {
						CreatedOnToolsVersion = 12.3;
						TestTargetID = 24C6A20225A74BA20076A320;
					};
				};
			};
			buildConfigurationList = 24C6A1FE25A74BA20076A320 /* Build configuration list for PBXProject "Chatbot" */;
			compatibilityVersion = "Xcode 9.3";
			developmentRegion = en;
			hasScannedForEncodings = 0;
			knownRegions = (
				en,
				Base,
			);
			mainGroup = 24C6A1FA25A74BA20076A320;
			productRefGroup = 24C6A20425A74BA20076A320 /* Products */;
			projectDirPath = "";
			projectRoot = "";
			targets = (
				24C6A20225A74BA20076A320 /* Chatbot */,
				24C6A21825A74BA60076A320 /* ChatbotTests */,
				24C6A22325A74BA70076A320 /* ChatbotUITests */,
			);
		};
/* End PBXProject section */

/* Begin PBXResourcesBuildPhase section */
		24C6A20125A74BA20076A320 /* Resources */ = {
			isa = PBXResourcesBuildPhase;
			buildActionMask = 2147483647;
			files = (
				24C6A21325A74BA60076A320 /* LaunchScreen.storyboard in Resources */,
				24C6A21025A74BA60076A320 /* Assets.xcassets in Resources */,
				24C6A20E25A74BA20076A320 /* Main.storyboard in Resources */,
			);
			runOnlyForDeploymentPostprocessing = 0;
		};
		24C6A21725A74BA60076A320 /* Resources */ = {
			isa = PBXResourcesBuildPhase;
			buildActionMask = 2147483647;
			files = (
			);
			runOnlyForDeploymentPostprocessing = 0;
		};
		24C6A22225A74BA70076A320 /* Resources */ = {
			isa = PBXResourcesBuildPhase;
			buildActionMask = 2147483647;
			files = (
			);
			runOnlyForDeploymentPostprocessing = 0;
		};
/* End PBXResourcesBuildPhase section */

/* Begin PBXSourcesBuildPhase section */
		24C6A1FF25A74BA20076A320 /* Sources */ = {
			isa = PBXSourcesBuildPhase;
			buildActionMask = 2147483647;
			files = (
				24C6A23A25A74E230076A320 /* YellowViewController.swift in Sources */,
				24C6A23F25A74E3F0076A320 /* OrangeViewController.swift in Sources */,
				24C6A20B25A74BA20076A320 /* ViewController.swift in Sources */,
				24C6A24425A7B33D0076A320 /* PickViewController.swift in Sources */,
				24C6A20725A74BA20076A320 /* AppDelegate.swift in Sources */,
				24C6A20925A74BA20076A320 /* SceneDelegate.swift in Sources */,
			);
			runOnlyForDeploymentPostprocessing = 0;
		};
		24C6A21525A74BA60076A320 /* Sources */ = {
			isa = PBXSourcesBuildPhase;
			buildActionMask = 2147483647;
			files = (
				24C6A21E25A74BA60076A320 /* ChatbotTests.swift in Sources */,
			);
			runOnlyForDeploymentPostprocessing = 0;
		};
		24C6A22025A74BA70076A320 /* Sources */ = {
			isa = PBXSourcesBuildPhase;
			buildActionMask = 2147483647;
			files = (
				24C6A22925A74BA70076A320 /* ChatbotUITests.swift in Sources */,
			);
			runOnlyForDeploymentPostprocessing = 0;
		};
/* End PBXSourcesBuildPhase section */

/* Begin PBXTargetDependency section */
		24C6A21B25A74BA60076A320 /* PBXTargetDependency */ = {
			isa = PBXTargetDependency;
			target = 24C6A20225A74BA20076A320 /* Chatbot */;
			targetProxy = 24C6A21A25A74BA60076A320 /* PBXContainerItemProxy */;
		};
		24C6A22625A74BA70076A320 /* PBXTargetDependency */ = {
			isa = PBXTargetDependency;
			target = 24C6A20225A74BA20076A320 /* Chatbot */;
			targetProxy = 24C6A22525A74BA70076A320 /* PBXContainerItemProxy */;
		};
/* End PBXTargetDependency section */

/* Begin PBXVariantGroup section */
		24C6A20C25A74BA20076A320 /* Main.storyboard */ = {
			isa = PBXVariantGroup;
			children = (
				24C6A20D25A74BA20076A320 /* Base */,
			);
			name = Main.storyboard;
			sourceTree = "<group>";
		};
		24C6A21125A74BA60076A320 /* LaunchScreen.storyboard */ = {
			isa = PBXVariantGroup;
			children = (
				24C6A21225A74BA60076A320 /* Base */,
			);
			name = LaunchScreen.storyboard;
			sourceTree = "<group>";
		};
/* End PBXVariantGroup section */

/* Begin XCBuildConfiguration section */
		24C6A22B25A74BA70076A320 /* Debug */ = {
			isa = XCBuildConfiguration;
			buildSettings = {
				ALWAYS_SEARCH_USER_PATHS = NO;
				CLANG_ANALYZER_NONNULL = YES;
				CLANG_ANALYZER_NUMBER_OBJECT_CONVERSION = YES_AGGRESSIVE;
				CLANG_CXX_LANGUAGE_STANDARD = "gnu++14";
				CLANG_CXX_LIBRARY = "libc++";
				CLANG_ENABLE_MODULES = YES;
				CLANG_ENABLE_OBJC_ARC = YES;
				CLANG_ENABLE_OBJC_WEAK = YES;
				CLANG_WARN_BLOCK_CAPTURE_AUTORELEASING = YES;
				CLANG_WARN_BOOL_CONVERSION = YES;
				CLANG_WARN_COMMA = YES;
				CLANG_WARN_CONSTANT_CONVERSION = YES;
				CLANG_WARN_DEPRECATED_OBJC_IMPLEMENTATIONS = YES;
				CLANG_WARN_DIRECT_OBJC_ISA_USAGE = YES_ERROR;
				CLANG_WARN_DOCUMENTATION_COMMENTS = YES;
				CLANG_WARN_EMPTY_BODY = YES;
				CLANG_WARN_ENUM_CONVERSION = YES;
				CLANG_WARN_INFINITE_RECURSION = YES;
				CLANG_WARN_INT_CONVERSION = YES;
				CLANG_WARN_NON_LITERAL_NULL_CONVERSION = YES;
				CLANG_WARN_OBJC_IMPLICIT_RETAIN_SELF = YES;
				CLANG_WARN_OBJC_LITERAL_CONVERSION = YES;
				CLANG_WARN_OBJC_ROOT_CLASS = YES_ERROR;
				CLANG_WARN_QUOTED_INCLUDE_IN_FRAMEWORK_HEADER = YES;
				CLANG_WARN_RANGE_LOOP_ANALYSIS = YES;
				CLANG_WARN_STRICT_PROTOTYPES = YES;
				CLANG_WARN_SUSPICIOUS_MOVE = YES;
				CLANG_WARN_UNGUARDED_AVAILABILITY = YES_AGGRESSIVE;
				CLANG_WARN_UNREACHABLE_CODE = YES;
				CLANG_WARN__DUPLICATE_METHOD_MATCH = YES;
				COPY_PHASE_STRIP = NO;
				DEBUG_INFORMATION_FORMAT = dwarf;
				ENABLE_STRICT_OBJC_MSGSEND = YES;
				ENABLE_TESTABILITY = YES;
				GCC_C_LANGUAGE_STANDARD = gnu11;
				GCC_DYNAMIC_NO_PIC = NO;
				GCC_NO_COMMON_BLOCKS = YES;
				GCC_OPTIMIZATION_LEVEL = 0;
				GCC_PREPROCESSOR_DEFINITIONS = (
					"DEBUG=1",
					"$(inherited)",
				);
				GCC_WARN_64_TO_32_BIT_CONVERSION = YES;
				GCC_WARN_ABOUT_RETURN_TYPE = YES_ERROR;
				GCC_WARN_UNDECLARED_SELECTOR = YES;
				GCC_WARN_UNINITIALIZED_AUTOS = YES_AGGRESSIVE;
				GCC_WARN_UNUSED_FUNCTION = YES;
				GCC_WARN_UNUSED_VARIABLE = YES;
				IPHONEOS_DEPLOYMENT_TARGET = 14.3;
				MTL_ENABLE_DEBUG_INFO = INCLUDE_SOURCE;
				MTL_FAST_MATH = YES;
				ONLY_ACTIVE_ARCH = YES;
				SDKROOT = iphoneos;
				SWIFT_ACTIVE_COMPILATION_CONDITIONS = DEBUG;
				SWIFT_OPTIMIZATION_LEVEL = "-Onone";
			};
			name = Debug;
		};
		24C6A22C25A74BA70076A320 /* Release */ = {
			isa = XCBuildConfiguration;
			buildSettings = {
				ALWAYS_SEARCH_USER_PATHS = NO;
				CLANG_ANALYZER_NONNULL = YES;
				CLANG_ANALYZER_NUMBER_OBJECT_CONVERSION = YES_AGGRESSIVE;
				CLANG_CXX_LANGUAGE_STANDARD = "gnu++14";
				CLANG_CXX_LIBRARY = "libc++";
				CLANG_ENABLE_MODULES = YES;
				CLANG_ENABLE_OBJC_ARC = YES;
				CLANG_ENABLE_OBJC_WEAK = YES;
				CLANG_WARN_BLOCK_CAPTURE_AUTORELEASING = YES;
				CLANG_WARN_BOOL_CONVERSION = YES;
				CLANG_WARN_COMMA = YES;
				CLANG_WARN_CONSTANT_CONVERSION = YES;
				CLANG_WARN_DEPRECATED_OBJC_IMPLEMENTATIONS = YES;
				CLANG_WARN_DIRECT_OBJC_ISA_USAGE = YES_ERROR;
				CLANG_WARN_DOCUMENTATION_COMMENTS = YES;
				CLANG_WARN_EMPTY_BODY = YES;
				CLANG_WARN_ENUM_CONVERSION = YES;
				CLANG_WARN_INFINITE_RECURSION = YES;
				CLANG_WARN_INT_CONVERSION = YES;
				CLANG_WARN_NON_LITERAL_NULL_CONVERSION = YES;
				CLANG_WARN_OBJC_IMPLICIT_RETAIN_SELF = YES;
				CLANG_WARN_OBJC_LITERAL_CONVERSION = YES;
				CLANG_WARN_OBJC_ROOT_CLASS = YES_ERROR;
				CLANG_WARN_QUOTED_INCLUDE_IN_FRAMEWORK_HEADER = YES;
				CLANG_WARN_RANGE_LOOP_ANALYSIS = YES;
				CLANG_WARN_STRICT_PROTOTYPES = YES;
				CLANG_WARN_SUSPICIOUS_MOVE = YES;
				CLANG_WARN_UNGUARDED_AVAILABILITY = YES_AGGRESSIVE;
				CLANG_WARN_UNREACHABLE_CODE = YES;
				CLANG_WARN__DUPLICATE_METHOD_MATCH = YES;
				COPY_PHASE_STRIP = NO;
				DEBUG_INFORMATION_FORMAT = "dwarf-with-dsym";
				ENABLE_NS_ASSERTIONS = NO;
				ENABLE_STRICT_OBJC_MSGSEND = YES;
				GCC_C_LANGUAGE_STANDARD = gnu11;
				GCC_NO_COMMON_BLOCKS = YES;
				GCC_WARN_64_TO_32_BIT_CONVERSION = YES;
				GCC_WARN_ABOUT_RETURN_TYPE = YES_ERROR;
				GCC_WARN_UNDECLARED_SELECTOR = YES;
				GCC_WARN_UNINITIALIZED_AUTOS = YES_AGGRESSIVE;
				GCC_WARN_UNUSED_FUNCTION = YES;
				GCC_WARN_UNUSED_VARIABLE = YES;
				IPHONEOS_DEPLOYMENT_TARGET = 14.3;
				MTL_ENABLE_DEBUG_INFO = NO;
				MTL_FAST_MATH = YES;
				SDKROOT = iphoneos;
				SWIFT_COMPILATION_MODE = wholemodule;
				SWIFT_OPTIMIZATION_LEVEL = "-O";
				VALIDATE_PRODUCT = YES;
			};
			name = Release;
		};
		24C6A22E25A74BA70076A320 /* Debug */ = {
			isa = XCBuildConfiguration;
			buildSettings = {
				ASSETCATALOG_COMPILER_APPICON_NAME = AppIcon;
				ASSETCATALOG_COMPILER_GLOBAL_ACCENT_COLOR_NAME = AccentColor;
				CODE_SIGN_STYLE = Automatic;
				INFOPLIST_FILE = Chatbot/Info.plist;
				LD_RUNPATH_SEARCH_PATHS = (
					"$(inherited)",
					"@executable_path/Frameworks",
				);
				PRODUCT_BUNDLE_IDENTIFIER = "Chat-Buddy.Chatbot";
				PRODUCT_NAME = "$(TARGET_NAME)";
				SWIFT_VERSION = 5.0;
				TARGETED_DEVICE_FAMILY = "1,2";
			};
			name = Debug;
		};
		24C6A22F25A74BA70076A320 /* Release */ = {
			isa = XCBuildConfiguration;
			buildSettings = {
				ASSETCATALOG_COMPILER_APPICON_NAME = AppIcon;
				ASSETCATALOG_COMPILER_GLOBAL_ACCENT_COLOR_NAME = AccentColor;
				CODE_SIGN_STYLE = Automatic;
				INFOPLIST_FILE = Chatbot/Info.plist;
				LD_RUNPATH_SEARCH_PATHS = (
					"$(inherited)",
					"@executable_path/Frameworks",
				);
				PRODUCT_BUNDLE_IDENTIFIER = "Chat-Buddy.Chatbot";
				PRODUCT_NAME = "$(TARGET_NAME)";
				SWIFT_VERSION = 5.0;
				TARGETED_DEVICE_FAMILY = "1,2";
			};
			name = Release;
		};
		24C6A23125A74BA70076A320 /* Debug */ = {
			isa = XCBuildConfiguration;
			buildSettings = {
				ALWAYS_EMBED_SWIFT_STANDARD_LIBRARIES = YES;
				BUNDLE_LOADER = "$(TEST_HOST)";
				CODE_SIGN_STYLE = Automatic;
				INFOPLIST_FILE = ChatbotTests/Info.plist;
				IPHONEOS_DEPLOYMENT_TARGET = 14.3;
				LD_RUNPATH_SEARCH_PATHS = (
					"$(inherited)",
					"@executable_path/Frameworks",
					"@loader_path/Frameworks",
				);
				PRODUCT_BUNDLE_IDENTIFIER = "Chat-Buddy.ChatbotTests";
				PRODUCT_NAME = "$(TARGET_NAME)";
				SWIFT_VERSION = 5.0;
				TARGETED_DEVICE_FAMILY = "1,2";
				TEST_HOST = "$(BUILT_PRODUCTS_DIR)/Chatbot.app/Chatbot";
			};
			name = Debug;
		};
		24C6A23225A74BA70076A320 /* Release */ = {
			isa = XCBuildConfiguration;
			buildSettings = {
				ALWAYS_EMBED_SWIFT_STANDARD_LIBRARIES = YES;
				BUNDLE_LOADER = "$(TEST_HOST)";
				CODE_SIGN_STYLE = Automatic;
				INFOPLIST_FILE = ChatbotTests/Info.plist;
				IPHONEOS_DEPLOYMENT_TARGET = 14.3;
				LD_RUNPATH_SEARCH_PATHS = (
					"$(inherited)",
					"@executable_path/Frameworks",
					"@loader_path/Frameworks",
				);
				PRODUCT_BUNDLE_IDENTIFIER = "Chat-Buddy.ChatbotTests";
				PRODUCT_NAME = "$(TARGET_NAME)";
				SWIFT_VERSION = 5.0;
				TARGETED_DEVICE_FAMILY = "1,2";
				TEST_HOST = "$(BUILT_PRODUCTS_DIR)/Chatbot.app/Chatbot";
			};
			name = Release;
		};
		24C6A23425A74BA70076A320 /* Debug */ = {
			isa = XCBuildConfiguration;
			buildSettings = {
				ALWAYS_EMBED_SWIFT_STANDARD_LIBRARIES = YES;
				CODE_SIGN_STYLE = Automatic;
				INFOPLIST_FILE = ChatbotUITests/Info.plist;
				LD_RUNPATH_SEARCH_PATHS = (
					"$(inherited)",
					"@executable_path/Frameworks",
					"@loader_path/Frameworks",
				);
				PRODUCT_BUNDLE_IDENTIFIER = "Chat-Buddy.ChatbotUITests";
				PRODUCT_NAME = "$(TARGET_NAME)";
				SWIFT_VERSION = 5.0;
				TARGETED_DEVICE_FAMILY = "1,2";
				TEST_TARGET_NAME = Chatbot;
			};
			name = Debug;
		};
		24C6A23525A74BA70076A320 /* Release */ = {
			isa = XCBuildConfiguration;
			buildSettings = {
				ALWAYS_EMBED_SWIFT_STANDARD_LIBRARIES = YES;
				CODE_SIGN_STYLE = Automatic;
				INFOPLIST_FILE = ChatbotUITests/Info.plist;
				LD_RUNPATH_SEARCH_PATHS = (
					"$(inherited)",
					"@executable_path/Frameworks",
					"@loader_path/Frameworks",
				);
				PRODUCT_BUNDLE_IDENTIFIER = "Chat-Buddy.ChatbotUITests";
				PRODUCT_NAME = "$(TARGET_NAME)";
				SWIFT_VERSION = 5.0;
				TARGETED_DEVICE_FAMILY = "1,2";
				TEST_TARGET_NAME = Chatbot;
			};
			name = Release;
		};
/* End XCBuildConfiguration section */

/* Begin XCConfigurationList section */
		24C6A1FE25A74BA20076A320 /* Build configuration list for PBXProject "Chatbot" */ = {
			isa = XCConfigurationList;
			buildConfigurations = (
				24C6A22B25A74BA70076A320 /* Debug */,
				24C6A22C25A74BA70076A320 /* Release */,
			);
			defaultConfigurationIsVisible = 0;
			defaultConfigurationName = Release;
		};
		24C6A22D25A74BA70076A320 /* Build configuration list for PBXNativeTarget "Chatbot" */ = {
			isa = XCConfigurationList;
			buildConfigurations = (
				24C6A22E25A74BA70076A320 /* Debug */,
				24C6A22F25A74BA70076A320 /* Release */,
			);
			defaultConfigurationIsVisible = 0;
			defaultConfigurationName = Release;
		};
		24C6A23025A74BA70076A320 /* Build configuration list for PBXNativeTarget "ChatbotTests" */ = {
			isa = XCConfigurationList;
			buildConfigurations = (
				24C6A23125A74BA70076A320 /* Debug */,
				24C6A23225A74BA70076A320 /* Release */,
			);
			defaultConfigurationIsVisible = 0;
			defaultConfigurationName = Release;
		};
		24C6A23325A74BA70076A320 /* Build configuration list for PBXNativeTarget "ChatbotUITests" */ = {
			isa = XCConfigurationList;
			buildConfigurations = (
				24C6A23425A74BA70076A320 /* Debug */,
				24C6A23525A74BA70076A320 /* Release */,
			);
			defaultConfigurationIsVisible = 0;
			defaultConfigurationName = Release;
		};
/* End XCConfigurationList section */
	};
	rootObject = 24C6A1FB25A74BA20076A320 /* Project object */;
}
